{"1.2.0",
[{<<"amqp_client">>,{pkg,<<"amqp_client">>,<<"3.12.14">>},0},
 {<<"credentials_obfuscation">>,
  {pkg,<<"credentials_obfuscation">>,<<"3.4.0">>},
  1},
 {<<"jsx">>,{pkg,<<"jsx">>,<<"3.1.0">>},0},
 {<<"rabbit_common">>,{pkg,<<"rabbit_common">>,<<"3.13.3">>},0},
 {<<"ranch">>,{pkg,<<"ranch">>,<<"2.1.0">>},1},
 {<<"recon">>,{pkg,<<"recon">>,<<"2.5.3">>},1},
 {<<"thoas">>,{pkg,<<"thoas">>,<<"1.0.0">>},1}]}.
[
{pkg_hash,[
 {<<"amqp_client">>, <<"2B677BC3F2E2234BA7517042B25D72071A79735042E91F9116BD3C176854B622">>},
 {<<"credentials_obfuscation">>, <<"34E18B126B3AEFD6E8143776FBE1CECEEA6792307C99AC5EE8687911F048CFD7">>},
 {<<"jsx">>, <<"D12516BAA0BB23A59BB35DCCAF02A1BD08243FCBB9EFE24F2D9D056CCFF71268">>},
 {<<"rabbit_common">>, <<"FF11F7917CE90637E941E6C2969A4F62E09D60FA7846AF55B6FF37BF59E11EF3">>},
 {<<"ranch">>, <<"2261F9ED9574DCFCC444106B9F6DA155E6E540B2F82BA3D42B339B93673B72A3">>},
 {<<"recon">>, <<"739107B9050EA683C30E96DE050BC59248FD27EC147696F79A8797FF9FA17153">>},
 {<<"thoas">>, <<"567C03902920827A18A89F05B79A37B5BF93553154B883E0131801600CF02CE0">>}]},
{pkg_hash_ext,[
 {<<"amqp_client">>, <<"5F70B6C3B1A739790080DA4FDDC94A867E99F033C4B1EDC20D6FF8B8FB4BD160">>},
 {<<"credentials_obfuscation">>, <<"738ACE0ED5545D2710D3F7383906FC6F6B582D019036E5269C4DBD85DBCED566">>},
 {<<"jsx">>, <<"0C5CC8FDC11B53CC25CF65AC6705AD39E54ECC56D1C22E4ADB8F5A53FB9427F3">>},
 {<<"rabbit_common">>, <<"F7069D4F0D9373E216E0732A26FFF257837976DCAA308CD36FCC461263C2A4E7">>},
 {<<"ranch">>, <<"244EE3FA2A6175270D8E1FC59024FD9DBC76294A321057DE8F803B1479E76916">>},
 {<<"recon">>, <<"6C6683F46FD4A1DFD98404B9F78DCABC7FCD8826613A89DCB984727A8C3099D7">>},
 {<<"thoas">>, <<"FC763185B932ECB32A554FB735EE03C3B6B1B31366077A2427D2A97F3BD26735">>}]}
].
